
Microsoft Visual Studio Solution File, Format Version 12.00
# Visual Studio 15
VisualStudioVersion = 15.0.28307.421
MinimumVisualStudioVersion = 10.0.40219.1
Project("{FAE04EC0-301F-11D3-BF4B-00C04F79EFBC}") = "WebAPI_IT", "WebAPI_IT\WebAPI_IT.csproj", "{25DDD1F7-EB8C-4E41-B666-FCB43FA1AF9E}"
EndProject
Project("{FAE04EC0-301F-11D3-BF4B-00C04F79EFBC}") = "WebAPI_QM", "WebAPI_QM\WebAPI_QM.csproj", "{DE84D482-6465-466A-8D54-86225C92190B}"
EndProject
Project("{FAE04EC0-301F-11D3-BF4B-00C04F79EFBC}") = "Service", "Service\Service.csproj", "{15B075C0-F391-4431-BD7E-83B8C6BAE6C2}"
EndProject
Project("{FAE04EC0-301F-11D3-BF4B-00C04F79EFBC}") = "Models", "Models\Models.csproj", "{EE0353AE-F260-4B23-8671-A2F91F89F31E}"
EndProject
Project("{FAE04EC0-301F-11D3-BF4B-00C04F79EFBC}") = "Common", "Common\Common.csproj", "{4F6D6BB3-D978-4871-9D43-0763ABBE3E34}"
EndProject
Global
	GlobalSection(SolutionConfigurationPlatforms) = preSolution
		Debug|Any CPU = Debug|Any CPU
		Release|Any CPU = Release|Any CPU
	EndGlobalSection
	GlobalSection(ProjectConfigurationPlatforms) = postSolution
		{25DDD1F7-EB8C-4E41-B666-FCB43FA1AF9E}.Debug|Any CPU.ActiveCfg = Debug|Any CPU
		{25DDD1F7-EB8C-4E41-B666-FCB43FA1AF9E}.Debug|Any CPU.Build.0 = Debug|Any CPU
		{25DDD1F7-EB8C-4E41-B666-FCB43FA1AF9E}.Release|Any CPU.ActiveCfg = Release|Any CPU
		{25DDD1F7-EB8C-4E41-B666-FCB43FA1AF9E}.Release|Any CPU.Build.0 = Release|Any CPU
		{DE84D482-6465-466A-8D54-86225C92190B}.Debug|Any CPU.ActiveCfg = Debug|Any CPU
		{DE84D482-6465-466A-8D54-86225C92190B}.Debug|Any CPU.Build.0 = Debug|Any CPU
		{DE84D482-6465-466A-8D54-86225C92190B}.Release|Any CPU.ActiveCfg = Release|Any CPU
		{DE84D482-6465-466A-8D54-86225C92190B}.Release|Any CPU.Build.0 = Release|Any CPU
		{15B075C0-F391-4431-BD7E-83B8C6BAE6C2}.Debug|Any CPU.ActiveCfg = Debug|Any CPU
		{15B075C0-F391-4431-BD7E-83B8C6BAE6C2}.Debug|Any CPU.Build.0 = Debug|Any CPU
		{15B075C0-F391-4431-BD7E-83B8C6BAE6C2}.Release|Any CPU.ActiveCfg = Release|Any CPU
		{15B075C0-F391-4431-BD7E-83B8C6BAE6C2}.Release|Any CPU.Build.0 = Release|Any CPU
		{EE0353AE-F260-4B23-8671-A2F91F89F31E}.Debug|Any CPU.ActiveCfg = Debug|Any CPU
		{EE0353AE-F260-4B23-8671-A2F91F89F31E}.Debug|Any CPU.Build.0 = Debug|Any CPU
		{EE0353AE-F260-4B23-8671-A2F91F89F31E}.Release|Any CPU.ActiveCfg = Release|Any CPU
		{EE0353AE-F260-4B23-8671-A2F91F89F31E}.Release|Any CPU.Build.0 = Release|Any CPU
		{4F6D6BB3-D978-4871-9D43-0763ABBE3E34}.Debug|Any CPU.ActiveCfg = Debug|Any CPU
		{4F6D6BB3-D978-4871-9D43-0763ABBE3E34}.Debug|Any CPU.Build.0 = Debug|Any CPU
		{4F6D6BB3-D978-4871-9D43-0763ABBE3E34}.Release|Any CPU.ActiveCfg = Release|Any CPU
		{4F6D6BB3-D978-4871-9D43-0763ABBE3E34}.Release|Any CPU.Build.0 = Release|Any CPU
	EndGlobalSection
	GlobalSection(SolutionProperties) = preSolution
		HideSolutionNode = FALSE
	EndGlobalSection
	GlobalSection(ExtensibilityGlobals) = postSolution
		SolutionGuid = {822BB213-CB7E-4445-B02C-9686CDF79B60}
	EndGlobalSection
EndGlobal
